// !$*UTF8*$!
{
	archiveVersion = 1;
	classes = {
	};
	objectVersion = 56;
	objects = {

/* Begin PBXBuildFile section */
		E90686E62A32BF19006BBF1A /* AppDelegate.swift in Sources */ = {isa = PBXBuildFile; fileRef = E90686E52A32BF19006BBF1A /* AppDelegate.swift */; };
		E90686EA2A32BF19006BBF1A /* GitHubRepositoriesViewController.swift in Sources */ = {isa = PBXBuildFile; fileRef = E90686E92A32BF19006BBF1A /* GitHubRepositoriesViewController.swift */; };
		E90686EF2A32BF1A006BBF1A /* Assets.xcassets in Resources */ = {isa = PBXBuildFile; fileRef = E90686EE2A32BF1A006BBF1A /* Assets.xcassets */; };
		E90686F22A32BF1A006BBF1A /* LaunchScreen.storyboard in Resources */ = {isa = PBXBuildFile; fileRef = E90686F02A32BF1A006BBF1A /* LaunchScreen.storyboard */; };
		E90686FB2A32C003006BBF1A /* RxCocoa in Frameworks */ = {isa = PBXBuildFile; productRef = E90686FA2A32C003006BBF1A /* RxCocoa */; };
		E90686FD2A32C003006BBF1A /* RxRelay in Frameworks */ = {isa = PBXBuildFile; productRef = E90686FC2A32C003006BBF1A /* RxRelay */; };
		E90686FF2A32C003006BBF1A /* RxSwift in Frameworks */ = {isa = PBXBuildFile; productRef = E90686FE2A32C003006BBF1A /* RxSwift */; };
		E90687012A32C05E006BBF1A /* GitHubRepositoriesViewModel.swift in Sources */ = {isa = PBXBuildFile; fileRef = E90687002A32C05E006BBF1A /* GitHubRepositoriesViewModel.swift */; };
		E90687032A32C093006BBF1A /* Repository.swift in Sources */ = {isa = PBXBuildFile; fileRef = E90687022A32C093006BBF1A /* Repository.swift */; };
		E90687082A36D70B006BBF1A /* UIKitExtensions.swift in Sources */ = {isa = PBXBuildFile; fileRef = E90687072A36D70B006BBF1A /* UIKitExtensions.swift */; };
		E906870A2A36D7A5006BBF1A /* GitHubRepository.swift in Sources */ = {isa = PBXBuildFile; fileRef = E90687092A36D7A5006BBF1A /* GitHubRepository.swift */; };
		E90687102A36E9FF006BBF1A /* RepositoryProtocol.swift in Sources */ = {isa = PBXBuildFile; fileRef = E906870F2A36E9FF006BBF1A /* RepositoryProtocol.swift */; };
		E90687172A36EE3B006BBF1A /* Remote+Base.swift in Sources */ = {isa = PBXBuildFile; fileRef = E90687162A36EE3B006BBF1A /* Remote+Base.swift */; };
		E90687192A36F02F006BBF1A /* Cache.swift in Sources */ = {isa = PBXBuildFile; fileRef = E90687182A36F02F006BBF1A /* Cache.swift */; };
		E906871B2A36F09B006BBF1A /* Remote.swift in Sources */ = {isa = PBXBuildFile; fileRef = E906871A2A36F09B006BBF1A /* Remote.swift */; };
		E906871E2A370E48006BBF1A /* ImageCache.swift in Sources */ = {isa = PBXBuildFile; fileRef = E906871D2A370E48006BBF1A /* ImageCache.swift */; };
		E90687272A381E29006BBF1A /* User.swift in Sources */ = {isa = PBXBuildFile; fileRef = E90687262A381E29006BBF1A /* User.swift */; };
		E90687292A3863F3006BBF1A /* AvatarView.swift in Sources */ = {isa = PBXBuildFile; fileRef = E90687282A3863F3006BBF1A /* AvatarView.swift */; };
		E906872B2A39C77D006BBF1A /* Log.swift in Sources */ = {isa = PBXBuildFile; fileRef = E906872A2A39C77D006BBF1A /* Log.swift */; };
		E906872D2A39CFA2006BBF1A /* GitHubRepositoryItemCell.swift in Sources */ = {isa = PBXBuildFile; fileRef = E906872C2A39CFA2006BBF1A /* GitHubRepositoryItemCell.swift */; };
		E90687322A3AC379006BBF1A /* UsernameInputView.swift in Sources */ = {isa = PBXBuildFile; fileRef = E90687312A3AC379006BBF1A /* UsernameInputView.swift */; };
		E90687342A3AC3CA006BBF1A /* Router.swift in Sources */ = {isa = PBXBuildFile; fileRef = E90687332A3AC3CA006BBF1A /* Router.swift */; };
		E90687362A3AC620006BBF1A /* RouterProtocol.swift in Sources */ = {isa = PBXBuildFile; fileRef = E90687352A3AC620006BBF1A /* RouterProtocol.swift */; };
		E90687382A3ACAC1006BBF1A /* UsernameInputViewModel.swift in Sources */ = {isa = PBXBuildFile; fileRef = E90687372A3ACAC1006BBF1A /* UsernameInputViewModel.swift */; };
		E906873B2A3B4197006BBF1A /* ViewControllerBuilder.swift in Sources */ = {isa = PBXBuildFile; fileRef = E906873A2A3B4197006BBF1A /* ViewControllerBuilder.swift */; };
		E906873D2A3B47B0006BBF1A /* DummyRepository.swift in Sources */ = {isa = PBXBuildFile; fileRef = E906873C2A3B47B0006BBF1A /* DummyRepository.swift */; };
		E906873F2A3B539E006BBF1A /* SwiftUIExtensions.swift in Sources */ = {isa = PBXBuildFile; fileRef = E906873E2A3B539E006BBF1A /* SwiftUIExtensions.swift */; };
/* End PBXBuildFile section */

/* Begin PBXFileReference section */
		E90686E22A32BF19006BBF1A /* GithubClientMVVM.app */ = {isa = PBXFileReference; explicitFileType = wrapper.application; includeInIndex = 0; path = GithubClientMVVM.app; sourceTree = BUILT_PRODUCTS_DIR; };
		E90686E52A32BF19006BBF1A /* AppDelegate.swift */ = {isa = PBXFileReference; lastKnownFileType = sourcecode.swift; path = AppDelegate.swift; sourceTree = "<group>"; };
		E90686E92A32BF19006BBF1A /* GitHubRepositoriesViewController.swift */ = {isa = PBXFileReference; lastKnownFileType = sourcecode.swift; path = GitHubRepositoriesViewController.swift; sourceTree = "<group>"; };
		E90686EE2A32BF1A006BBF1A /* Assets.xcassets */ = {isa = PBXFileReference; lastKnownFileType = folder.assetcatalog; path = Assets.xcassets; sourceTree = "<group>"; };
		E90686F12A32BF1A006BBF1A /* Base */ = {isa = PBXFileReference; lastKnownFileType = file.storyboard; name = Base; path = Base.lproj/LaunchScreen.storyboard; sourceTree = "<group>"; };
		E90686F32A32BF1A006BBF1A /* Info.plist */ = {isa = PBXFileReference; lastKnownFileType = text.plist.xml; path = Info.plist; sourceTree = "<group>"; };
		E90687002A32C05E006BBF1A /* GitHubRepositoriesViewModel.swift */ = {isa = PBXFileReference; lastKnownFileType = sourcecode.swift; path = GitHubRepositoriesViewModel.swift; sourceTree = "<group>"; };
		E90687022A32C093006BBF1A /* Repository.swift */ = {isa = PBXFileReference; lastKnownFileType = sourcecode.swift; path = Repository.swift; sourceTree = "<group>"; };
		E90687072A36D70B006BBF1A /* UIKitExtensions.swift */ = {isa = PBXFileReference; lastKnownFileType = sourcecode.swift; path = UIKitExtensions.swift; sourceTree = "<group>"; };
		E90687092A36D7A5006BBF1A /* GitHubRepository.swift */ = {isa = PBXFileReference; lastKnownFileType = sourcecode.swift; path = GitHubRepository.swift; sourceTree = "<group>"; };
		E906870F2A36E9FF006BBF1A /* RepositoryProtocol.swift */ = {isa = PBXFileReference; lastKnownFileType = sourcecode.swift; path = RepositoryProtocol.swift; sourceTree = "<group>"; };
		E90687162A36EE3B006BBF1A /* Remote+Base.swift */ = {isa = PBXFileReference; lastKnownFileType = sourcecode.swift; path = "Remote+Base.swift"; sourceTree = "<group>"; };
		E90687182A36F02F006BBF1A /* Cache.swift */ = {isa = PBXFileReference; lastKnownFileType = sourcecode.swift; path = Cache.swift; sourceTree = "<group>"; };
		E906871A2A36F09B006BBF1A /* Remote.swift */ = {isa = PBXFileReference; lastKnownFileType = sourcecode.swift; path = Remote.swift; sourceTree = "<group>"; };
		E906871D2A370E48006BBF1A /* ImageCache.swift */ = {isa = PBXFileReference; lastKnownFileType = sourcecode.swift; path = ImageCache.swift; sourceTree = "<group>"; };
		E90687262A381E29006BBF1A /* User.swift */ = {isa = PBXFileReference; lastKnownFileType = sourcecode.swift; path = User.swift; sourceTree = "<group>"; };
		E90687282A3863F3006BBF1A /* AvatarView.swift */ = {isa = PBXFileReference; lastKnownFileType = sourcecode.swift; path = AvatarView.swift; sourceTree = "<group>"; };
		E906872A2A39C77D006BBF1A /* Log.swift */ = {isa = PBXFileReference; lastKnownFileType = sourcecode.swift; path = Log.swift; sourceTree = "<group>"; };
		E906872C2A39CFA2006BBF1A /* GitHubRepositoryItemCell.swift */ = {isa = PBXFileReference; lastKnownFileType = sourcecode.swift; path = GitHubRepositoryItemCell.swift; sourceTree = "<group>"; };
		E90687312A3AC379006BBF1A /* UsernameInputView.swift */ = {isa = PBXFileReference; fileEncoding = 4; lastKnownFileType = sourcecode.swift; path = UsernameInputView.swift; sourceTree = "<group>"; };
		E90687332A3AC3CA006BBF1A /* Router.swift */ = {isa = PBXFileReference; lastKnownFileType = sourcecode.swift; path = Router.swift; sourceTree = "<group>"; };
		E90687352A3AC620006BBF1A /* RouterProtocol.swift */ = {isa = PBXFileReference; lastKnownFileType = sourcecode.swift; path = RouterProtocol.swift; sourceTree = "<group>"; };
		E90687372A3ACAC1006BBF1A /* UsernameInputViewModel.swift */ = {isa = PBXFileReference; lastKnownFileType = sourcecode.swift; path = UsernameInputViewModel.swift; sourceTree = "<group>"; };
		E906873A2A3B4197006BBF1A /* ViewControllerBuilder.swift */ = {isa = PBXFileReference; lastKnownFileType = sourcecode.swift; path = ViewControllerBuilder.swift; sourceTree = "<group>"; };
		E906873C2A3B47B0006BBF1A /* DummyRepository.swift */ = {isa = PBXFileReference; lastKnownFileType = sourcecode.swift; path = DummyRepository.swift; sourceTree = "<group>"; };
		E906873E2A3B539E006BBF1A /* SwiftUIExtensions.swift */ = {isa = PBXFileReference; lastKnownFileType = sourcecode.swift; path = SwiftUIExtensions.swift; sourceTree = "<group>"; };
/* End PBXFileReference section */

/* Begin PBXFrameworksBuildPhase section */
		E90686DF2A32BF19006BBF1A /* Frameworks */ = {
			isa = PBXFrameworksBuildPhase;
			buildActionMask = 2147483647;
			files = (
				E90686FF2A32C003006BBF1A /* RxSwift in Frameworks */,
				E90686FD2A32C003006BBF1A /* RxRelay in Frameworks */,
				E90686FB2A32C003006BBF1A /* RxCocoa in Frameworks */,
			);
			runOnlyForDeploymentPostprocessing = 0;
		};
/* End PBXFrameworksBuildPhase section */

/* Begin PBXGroup section */
		E90686D92A32BF19006BBF1A = {
			isa = PBXGroup;
			children = (
				E90686E42A32BF19006BBF1A /* GithubClientMVVM */,
				E90686E32A32BF19006BBF1A /* Products */,
			);
			sourceTree = "<group>";
		};
		E90686E32A32BF19006BBF1A /* Products */ = {
			isa = PBXGroup;
			children = (
				E90686E22A32BF19006BBF1A /* GithubClientMVVM.app */,
			);
			name = Products;
			sourceTree = "<group>";
		};
		E90686E42A32BF19006BBF1A /* GithubClientMVVM */ = {
			isa = PBXGroup;
			children = (
				E90687112A36EA60006BBF1A /* Application */,
				E90687122A36ECB1006BBF1A /* UseCase */,
				E90687132A36ECE2006BBF1A /* Domain */,
				E90686EE2A32BF1A006BBF1A /* Assets.xcassets */,
				E90686F02A32BF1A006BBF1A /* LaunchScreen.storyboard */,
				E90686F32A32BF1A006BBF1A /* Info.plist */,
			);
			path = GithubClientMVVM;
			sourceTree = "<group>";
		};
		E90687112A36EA60006BBF1A /* Application */ = {
			isa = PBXGroup;
			children = (
				E90687142A36EDCB006BBF1A /* Repository */,
				E906871C2A370E29006BBF1A /* Utilities */,
				E90687302A3AC33D006BBF1A /* Views */,
				E90687392A3B413A006BBF1A /* Routing */,
				E90686E52A32BF19006BBF1A /* AppDelegate.swift */,
			);
			path = Application;
			sourceTree = "<group>";
		};
		E90687122A36ECB1006BBF1A /* UseCase */ = {
			isa = PBXGroup;
			children = (
				E906870F2A36E9FF006BBF1A /* RepositoryProtocol.swift */,
				E90687002A32C05E006BBF1A /* GitHubRepositoriesViewModel.swift */,
				E90687352A3AC620006BBF1A /* RouterProtocol.swift */,
				E90687372A3ACAC1006BBF1A /* UsernameInputViewModel.swift */,
			);
			path = UseCase;
			sourceTree = "<group>";
		};
		E90687132A36ECE2006BBF1A /* Domain */ = {
			isa = PBXGroup;
			children = (
				E90687092A36D7A5006BBF1A /* GitHubRepository.swift */,
				E90687262A381E29006BBF1A /* User.swift */,
			);
			path = Domain;
			sourceTree = "<group>";
		};
		E90687142A36EDCB006BBF1A /* Repository */ = {
			isa = PBXGroup;
			children = (
				E90687022A32C093006BBF1A /* Repository.swift */,
				E90687162A36EE3B006BBF1A /* Remote+Base.swift */,
				E906871A2A36F09B006BBF1A /* Remote.swift */,
				E90687182A36F02F006BBF1A /* Cache.swift */,
				E906873C2A3B47B0006BBF1A /* DummyRepository.swift */,
			);
			path = Repository;
			sourceTree = "<group>";
		};
		E906871C2A370E29006BBF1A /* Utilities */ = {
			isa = PBXGroup;
			children = (
				E906872A2A39C77D006BBF1A /* Log.swift */,
				E90687072A36D70B006BBF1A /* UIKitExtensions.swift */,
				E906871D2A370E48006BBF1A /* ImageCache.swift */,
				E906873E2A3B539E006BBF1A /* SwiftUIExtensions.swift */,
			);
			path = Utilities;
			sourceTree = "<group>";
		};
		E90687302A3AC33D006BBF1A /* Views */ = {
			isa = PBXGroup;
			children = (
				E90687312A3AC379006BBF1A /* UsernameInputView.swift */,
				E90686E92A32BF19006BBF1A /* GitHubRepositoriesViewController.swift */,
				E906872C2A39CFA2006BBF1A /* GitHubRepositoryItemCell.swift */,
				E90687282A3863F3006BBF1A /* AvatarView.swift */,
			);
			path = Views;
			sourceTree = "<group>";
		};
		E90687392A3B413A006BBF1A /* Routing */ = {
			isa = PBXGroup;
			children = (
				E90687332A3AC3CA006BBF1A /* Router.swift */,
				E906873A2A3B4197006BBF1A /* ViewControllerBuilder.swift */,
			);
			path = Routing;
			sourceTree = "<group>";
		};
/* End PBXGroup section */

/* Begin PBXNativeTarget section */
		E90686E12A32BF19006BBF1A /* GithubClientMVVM */ = {
			isa = PBXNativeTarget;
			buildConfigurationList = E90686F62A32BF1A006BBF1A /* Build configuration list for PBXNativeTarget "GithubClientMVVM" */;
			buildPhases = (
				E90686DE2A32BF19006BBF1A /* Sources */,
				E90686DF2A32BF19006BBF1A /* Frameworks */,
				E90686E02A32BF19006BBF1A /* Resources */,
			);
			buildRules = (
			);
			dependencies = (
			);
			name = GithubClientMVVM;
			packageProductDependencies = (
				E90686FA2A32C003006BBF1A /* RxCocoa */,
				E90686FC2A32C003006BBF1A /* RxRelay */,
				E90686FE2A32C003006BBF1A /* RxSwift */,
			);
			productName = GithubClientMVVM;
			productReference = E90686E22A32BF19006BBF1A /* GithubClientMVVM.app */;
			productType = "com.apple.product-type.application";
		};
/* End PBXNativeTarget section */

/* Begin PBXProject section */
		E90686DA2A32BF19006BBF1A /* Project object */ = {
			isa = PBXProject;
			attributes = {
				BuildIndependentTargetsInParallel = 1;
				LastSwiftUpdateCheck = 1430;
				LastUpgradeCheck = 1430;
				TargetAttributes = {
					E90686E12A32BF19006BBF1A = {
						CreatedOnToolsVersion = 14.3.1;
					};
				};
			};
			buildConfigurationList = E90686DD2A32BF19006BBF1A /* Build configuration list for PBXProject "GithubClientMVVM" */;
			compatibilityVersion = "Xcode 14.0";
			developmentRegion = en;
			hasScannedForEncodings = 0;
			knownRegions = (
				en,
				Base,
			);
			mainGroup = E90686D92A32BF19006BBF1A;
			packageReferences = (
				E90686F92A32C002006BBF1A /* XCRemoteSwiftPackageReference "RxSwift" */,
				E906871F2A37253A006BBF1A /* XCRemoteSwiftPackageReference "Kingfisher" */,
				E90687222A3726AB006BBF1A /* XCRemoteSwiftPackageReference "NukeUI" */,
			);
			productRefGroup = E90686E32A32BF19006BBF1A /* Products */;
			projectDirPath = "";
			projectRoot = "";
			targets = (
				E90686E12A32BF19006BBF1A /* GithubClientMVVM */,
			);
		};
/* End PBXProject section */

/* Begin PBXResourcesBuildPhase section */
		E90686E02A32BF19006BBF1A /* Resources */ = {
			isa = PBXResourcesBuildPhase;
			buildActionMask = 2147483647;
			files = (
				E90686F22A32BF1A006BBF1A /* LaunchScreen.storyboard in Resources */,
				E90686EF2A32BF1A006BBF1A /* Assets.xcassets in Resources */,
			);
			runOnlyForDeploymentPostprocessing = 0;
		};
/* End PBXResourcesBuildPhase section */

/* Begin PBXSourcesBuildPhase section */
		E90686DE2A32BF19006BBF1A /* Sources */ = {
			isa = PBXSourcesBuildPhase;
			buildActionMask = 2147483647;
			files = (
				E90687362A3AC620006BBF1A /* RouterProtocol.swift in Sources */,
				E906871E2A370E48006BBF1A /* ImageCache.swift in Sources */,
				E90686EA2A32BF19006BBF1A /* GitHubRepositoriesViewController.swift in Sources */,
				E90687172A36EE3B006BBF1A /* Remote+Base.swift in Sources */,
				E90687082A36D70B006BBF1A /* UIKitExtensions.swift in Sources */,
				E906873F2A3B539E006BBF1A /* SwiftUIExtensions.swift in Sources */,
				E90687292A3863F3006BBF1A /* AvatarView.swift in Sources */,
				E90687012A32C05E006BBF1A /* GitHubRepositoriesViewModel.swift in Sources */,
				E90687032A32C093006BBF1A /* Repository.swift in Sources */,
				E90687102A36E9FF006BBF1A /* RepositoryProtocol.swift in Sources */,
				E906872B2A39C77D006BBF1A /* Log.swift in Sources */,
				E90687382A3ACAC1006BBF1A /* UsernameInputViewModel.swift in Sources */,
				E90687192A36F02F006BBF1A /* Cache.swift in Sources */,
				E90687342A3AC3CA006BBF1A /* Router.swift in Sources */,
				E90687272A381E29006BBF1A /* User.swift in Sources */,
				E906872D2A39CFA2006BBF1A /* GitHubRepositoryItemCell.swift in Sources */,
				E906871B2A36F09B006BBF1A /* Remote.swift in Sources */,
				E906873B2A3B4197006BBF1A /* ViewControllerBuilder.swift in Sources */,
				E90687322A3AC379006BBF1A /* UsernameInputView.swift in Sources */,
				E906870A2A36D7A5006BBF1A /* GitHubRepository.swift in Sources */,
				E906873D2A3B47B0006BBF1A /* DummyRepository.swift in Sources */,
				E90686E62A32BF19006BBF1A /* AppDelegate.swift in Sources */,
			);
			runOnlyForDeploymentPostprocessing = 0;
		};
/* End PBXSourcesBuildPhase section */

/* Begin PBXVariantGroup section */
		E90686F02A32BF1A006BBF1A /* LaunchScreen.storyboard */ = {
			isa = PBXVariantGroup;
			children = (
				E90686F12A32BF1A006BBF1A /* Base */,
			);
			name = LaunchScreen.storyboard;
			sourceTree = "<group>";
		};
/* End PBXVariantGroup section */

/* Begin XCBuildConfiguration section */
		E90686F42A32BF1A006BBF1A /* Debug */ = {
			isa = XCBuildConfiguration;
			buildSettings = {
				ALWAYS_SEARCH_USER_PATHS = NO;
				CLANG_ANALYZER_NONNULL = YES;
				CLANG_ANALYZER_NUMBER_OBJECT_CONVERSION = YES_AGGRESSIVE;
				CLANG_CXX_LANGUAGE_STANDARD = "gnu++20";
				CLANG_ENABLE_MODULES = YES;
				CLANG_ENABLE_OBJC_ARC = YES;
				CLANG_ENABLE_OBJC_WEAK = YES;
				CLANG_WARN_BLOCK_CAPTURE_AUTORELEASING = YES;
				CLANG_WARN_BOOL_CONVERSION = YES;
				CLANG_WARN_COMMA = YES;
				CLANG_WARN_CONSTANT_CONVERSION = YES;
				CLANG_WARN_DEPRECATED_OBJC_IMPLEMENTATIONS = YES;
				CLANG_WARN_DIRECT_OBJC_ISA_USAGE = YES_ERROR;
				CLANG_WARN_DOCUMENTATION_COMMENTS = YES;
				CLANG_WARN_EMPTY_BODY = YES;
				CLANG_WARN_ENUM_CONVERSION = YES;
				CLANG_WARN_INFINITE_RECURSION = YES;
				CLANG_WARN_INT_CONVERSION = YES;
				CLANG_WARN_NON_LITERAL_NULL_CONVERSION = YES;
				CLANG_WARN_OBJC_IMPLICIT_RETAIN_SELF = YES;
				CLANG_WARN_OBJC_LITERAL_CONVERSION = YES;
				CLANG_WARN_OBJC_ROOT_CLASS = YES_ERROR;
				CLANG_WARN_QUOTED_INCLUDE_IN_FRAMEWORK_HEADER = YES;
				CLANG_WARN_RANGE_LOOP_ANALYSIS = YES;
				CLANG_WARN_STRICT_PROTOTYPES = YES;
				CLANG_WARN_SUSPICIOUS_MOVE = YES;
				CLANG_WARN_UNGUARDED_AVAILABILITY = YES_AGGRESSIVE;
				CLANG_WARN_UNREACHABLE_CODE = YES;
				CLANG_WARN__DUPLICATE_METHOD_MATCH = YES;
				COPY_PHASE_STRIP = NO;
				DEBUG_INFORMATION_FORMAT = dwarf;
				ENABLE_STRICT_OBJC_MSGSEND = YES;
				ENABLE_TESTABILITY = YES;
				GCC_C_LANGUAGE_STANDARD = gnu11;
				GCC_DYNAMIC_NO_PIC = NO;
				GCC_NO_COMMON_BLOCKS = YES;
				GCC_OPTIMIZATION_LEVEL = 0;
				GCC_PREPROCESSOR_DEFINITIONS = (
					"DEBUG=1",
					"$(inherited)",
				);
				GCC_WARN_64_TO_32_BIT_CONVERSION = YES;
				GCC_WARN_ABOUT_RETURN_TYPE = YES_ERROR;
				GCC_WARN_UNDECLARED_SELECTOR = YES;
				GCC_WARN_UNINITIALIZED_AUTOS = YES_AGGRESSIVE;
				GCC_WARN_UNUSED_FUNCTION = YES;
				GCC_WARN_UNUSED_VARIABLE = YES;
				IPHONEOS_DEPLOYMENT_TARGET = 16.4;
				MTL_ENABLE_DEBUG_INFO = INCLUDE_SOURCE;
				MTL_FAST_MATH = YES;
				ONLY_ACTIVE_ARCH = YES;
				SDKROOT = iphoneos;
				SWIFT_ACTIVE_COMPILATION_CONDITIONS = DEBUG;
				SWIFT_OPTIMIZATION_LEVEL = "-Onone";
			};
			name = Debug;
		};
		E90686F52A32BF1A006BBF1A /* Release */ = {
			isa = XCBuildConfiguration;
			buildSettings = {
				ALWAYS_SEARCH_USER_PATHS = NO;
				CLANG_ANALYZER_NONNULL = YES;
				CLANG_ANALYZER_NUMBER_OBJECT_CONVERSION = YES_AGGRESSIVE;
				CLANG_CXX_LANGUAGE_STANDARD = "gnu++20";
				CLANG_ENABLE_MODULES = YES;
				CLANG_ENABLE_OBJC_ARC = YES;
				CLANG_ENABLE_OBJC_WEAK = YES;
				CLANG_WARN_BLOCK_CAPTURE_AUTORELEASING = YES;
				CLANG_WARN_BOOL_CONVERSION = YES;
				CLANG_WARN_COMMA = YES;
				CLANG_WARN_CONSTANT_CONVERSION = YES;
				CLANG_WARN_DEPRECATED_OBJC_IMPLEMENTATIONS = YES;
				CLANG_WARN_DIRECT_OBJC_ISA_USAGE = YES_ERROR;
				CLANG_WARN_DOCUMENTATION_COMMENTS = YES;
				CLANG_WARN_EMPTY_BODY = YES;
				CLANG_WARN_ENUM_CONVERSION = YES;
				CLANG_WARN_INFINITE_RECURSION = YES;
				CLANG_WARN_INT_CONVERSION = YES;
				CLANG_WARN_NON_LITERAL_NULL_CONVERSION = YES;
				CLANG_WARN_OBJC_IMPLICIT_RETAIN_SELF = YES;
				CLANG_WARN_OBJC_LITERAL_CONVERSION = YES;
				CLANG_WARN_OBJC_ROOT_CLASS = YES_ERROR;
				CLANG_WARN_QUOTED_INCLUDE_IN_FRAMEWORK_HEADER = YES;
				CLANG_WARN_RANGE_LOOP_ANALYSIS = YES;
				CLANG_WARN_STRICT_PROTOTYPES = YES;
				CLANG_WARN_SUSPICIOUS_MOVE = YES;
				CLANG_WARN_UNGUARDED_AVAILABILITY = YES_AGGRESSIVE;
				CLANG_WARN_UNREACHABLE_CODE = YES;
				CLANG_WARN__DUPLICATE_METHOD_MATCH = YES;
				COPY_PHASE_STRIP = NO;
				DEBUG_INFORMATION_FORMAT = "dwarf-with-dsym";
				ENABLE_NS_ASSERTIONS = NO;
				ENABLE_STRICT_OBJC_MSGSEND = YES;
				GCC_C_LANGUAGE_STANDARD = gnu11;
				GCC_NO_COMMON_BLOCKS = YES;
				GCC_WARN_64_TO_32_BIT_CONVERSION = YES;
				GCC_WARN_ABOUT_RETURN_TYPE = YES_ERROR;
				GCC_WARN_UNDECLARED_SELECTOR = YES;
				GCC_WARN_UNINITIALIZED_AUTOS = YES_AGGRESSIVE;
				GCC_WARN_UNUSED_FUNCTION = YES;
				GCC_WARN_UNUSED_VARIABLE = YES;
				IPHONEOS_DEPLOYMENT_TARGET = 16.4;
				MTL_ENABLE_DEBUG_INFO = NO;
				MTL_FAST_MATH = YES;
				SDKROOT = iphoneos;
				SWIFT_COMPILATION_MODE = wholemodule;
				SWIFT_OPTIMIZATION_LEVEL = "-O";
				VALIDATE_PRODUCT = YES;
			};
			name = Release;
		};
		E90686F72A32BF1A006BBF1A /* Debug */ = {
			isa = XCBuildConfiguration;
			buildSettings = {
				ASSETCATALOG_COMPILER_APPICON_NAME = AppIcon;
				ASSETCATALOG_COMPILER_GLOBAL_ACCENT_COLOR_NAME = AccentColor;
				CODE_SIGN_STYLE = Automatic;
				CURRENT_PROJECT_VERSION = 1;
				GENERATE_INFOPLIST_FILE = YES;
				INFOPLIST_FILE = GithubClientMVVM/Info.plist;
				INFOPLIST_KEY_UILaunchStoryboardName = LaunchScreen;
				INFOPLIST_KEY_UISupportedInterfaceOrientations_iPhone = "UIInterfaceOrientationPortrait UIInterfaceOrientationLandscapeLeft UIInterfaceOrientationLandscapeRight";
				LD_RUNPATH_SEARCH_PATHS = (
					"$(inherited)",
					"@executable_path/Frameworks",
				);
				MARKETING_VERSION = 1.0;
				PRODUCT_BUNDLE_IDENTIFIER = "com.swift-brewers.GithubClientMVVM";
				PRODUCT_NAME = "$(TARGET_NAME)";
				SUPPORTED_PLATFORMS = "iphoneos iphonesimulator";
				SUPPORTS_MACCATALYST = NO;
				SUPPORTS_MAC_DESIGNED_FOR_IPHONE_IPAD = NO;
				SWIFT_EMIT_LOC_STRINGS = YES;
				SWIFT_VERSION = 5.0;
				TARGETED_DEVICE_FAMILY = 1;
			};
			name = Debug;
		};
		E90686F82A32BF1A006BBF1A /* Release */ = {
			isa = XCBuildConfiguration;
			buildSettings = {
				ASSETCATALOG_COMPILER_APPICON_NAME = AppIcon;
				ASSETCATALOG_COMPILER_GLOBAL_ACCENT_COLOR_NAME = AccentColor;
				CODE_SIGN_STYLE = Automatic;
				CURRENT_PROJECT_VERSION = 1;
				GENERATE_INFOPLIST_FILE = YES;
				INFOPLIST_FILE = GithubClientMVVM/Info.plist;
				INFOPLIST_KEY_UILaunchStoryboardName = LaunchScreen;
				INFOPLIST_KEY_UISupportedInterfaceOrientations_iPhone = "UIInterfaceOrientationPortrait UIInterfaceOrientationLandscapeLeft UIInterfaceOrientationLandscapeRight";
				LD_RUNPATH_SEARCH_PATHS = (
					"$(inherited)",
					"@executable_path/Frameworks",
				);
				MARKETING_VERSION = 1.0;
				PRODUCT_BUNDLE_IDENTIFIER = "com.swift-brewers.GithubClientMVVM";
				PRODUCT_NAME = "$(TARGET_NAME)";
				SUPPORTED_PLATFORMS = "iphoneos iphonesimulator";
				SUPPORTS_MACCATALYST = NO;
				SUPPORTS_MAC_DESIGNED_FOR_IPHONE_IPAD = NO;
				SWIFT_EMIT_LOC_STRINGS = YES;
				SWIFT_VERSION = 5.0;
				TARGETED_DEVICE_FAMILY = 1;
			};
			name = Release;
		};
/* End XCBuildConfiguration section */

/* Begin XCConfigurationList section */
		E90686DD2A32BF19006BBF1A /* Build configuration list for PBXProject "GithubClientMVVM" */ = {
			isa = XCConfigurationList;
			buildConfigurations = (
				E90686F42A32BF1A006BBF1A /* Debug */,
				E90686F52A32BF1A006BBF1A /* Release */,
			);
			defaultConfigurationIsVisible = 0;
			defaultConfigurationName = Release;
		};
		E90686F62A32BF1A006BBF1A /* Build configuration list for PBXNativeTarget "GithubClientMVVM" */ = {
			isa = XCConfigurationList;
			buildConfigurations = (
				E90686F72A32BF1A006BBF1A /* Debug */,
				E90686F82A32BF1A006BBF1A /* Release */,
			);
			defaultConfigurationIsVisible = 0;
			defaultConfigurationName = Release;
		};
/* End XCConfigurationList section */

/* Begin XCRemoteSwiftPackageReference section */
		E90686F92A32C002006BBF1A /* XCRemoteSwiftPackageReference "RxSwift" */ = {
			isa = XCRemoteSwiftPackageReference;
			repositoryURL = "https://github.com/ReactiveX/RxSwift.git";
			requirement = {
				kind = upToNextMajorVersion;
				minimumVersion = 6.0.0;
			};
		};
		E906871F2A37253A006BBF1A /* XCRemoteSwiftPackageReference "Kingfisher" */ = {
			isa = XCRemoteSwiftPackageReference;
			repositoryURL = "https://github.com/onevcat/Kingfisher.git";
			requirement = {
				kind = upToNextMajorVersion;
				minimumVersion = 7.0.0;
			};
		};
		E90687222A3726AB006BBF1A /* XCRemoteSwiftPackageReference "NukeUI" */ = {
			isa = XCRemoteSwiftPackageReference;
			repositoryURL = "https://github.com/kean/NukeUI.git";
			requirement = {
				kind = upToNextMajorVersion;
				minimumVersion = 0.8.3;
			};
		};
/* End XCRemoteSwiftPackageReference section */

/* Begin XCSwiftPackageProductDependency section */
		E90686FA2A32C003006BBF1A /* RxCocoa */ = {
			isa = XCSwiftPackageProductDependency;
			package = E90686F92A32C002006BBF1A /* XCRemoteSwiftPackageReference "RxSwift" */;
			productName = RxCocoa;
		};
		E90686FC2A32C003006BBF1A /* RxRelay */ = {
			isa = XCSwiftPackageProductDependency;
			package = E90686F92A32C002006BBF1A /* XCRemoteSwiftPackageReference "RxSwift" */;
			productName = RxRelay;
		};
		E90686FE2A32C003006BBF1A /* RxSwift */ = {
			isa = XCSwiftPackageProductDependency;
			package = E90686F92A32C002006BBF1A /* XCRemoteSwiftPackageReference "RxSwift" */;
			productName = RxSwift;
		};
/* End XCSwiftPackageProductDependency section */
	};
	rootObject = E90686DA2A32BF19006BBF1A /* Project object */;
}
